
Microsoft Visual Studio Solution File, Format Version 12.00
# Visual Studio Version 16
VisualStudioVersion = 25.0.1704.2
MinimumVisualStudioVersion = 10.0.40219.1
Project("{FAE04EC0-301F-11D3-BF4B-00C04F79EFBC}") = "am.kon.packages.common.strings", "am.kon.packages.common.strings.csproj", "{53889E21-07EB-40A6-B923-5DBBF148DC40}"
EndProject
Global
	GlobalSection(SolutionConfigurationPlatforms) = preSolution
		Debug|Any CPU = Debug|Any CPU
		Release|Any CPU = Release|Any CPU
	EndGlobalSection
	GlobalSection(ProjectConfigurationPlatforms) = postSolution
		{53889E21-07EB-40A6-B923-5DBBF148DC40}.Debug|Any CPU.ActiveCfg = Debug|Any CPU
		{53889E21-07EB-40A6-B923-5DBBF148DC40}.Debug|Any CPU.Build.0 = Debug|Any CPU
		{53889E21-07EB-40A6-B923-5DBBF148DC40}.Release|Any CPU.ActiveCfg = Release|Any CPU
		{53889E21-07EB-40A6-B923-5DBBF148DC40}.Release|Any CPU.Build.0 = Release|Any CPU
	EndGlobalSection
	GlobalSection(SolutionProperties) = preSolution
		HideSolutionNode = FALSE
	EndGlobalSection
	GlobalSection(ExtensibilityGlobals) = postSolution
		SolutionGuid = {FE61B3B7-7DE3-441B-AADF-11A02F4A6E9A}
	EndGlobalSection
EndGlobal
